// !$*UTF8*$!
{
	archiveVersion = 1;
	classes = {
	};
	objectVersion = 56;
	objects = {

/* Begin PBXBuildFile section */
		161E89F72B20E51200F32E26 /* HelmetAppApp.swift in Sources */ = {isa = PBXBuildFile; fileRef = 161E89F62B20E51200F32E26 /* HelmetAppApp.swift */; };
		161E89F92B20E51200F32E26 /* ContentView.swift in Sources */ = {isa = PBXBuildFile; fileRef = 161E89F82B20E51200F32E26 /* ContentView.swift */; };
		161E89FD2B20E51400F32E26 /* Assets.xcassets in Resources */ = {isa = PBXBuildFile; fileRef = 161E89FC2B20E51400F32E26 /* Assets.xcassets */; };
		161E8A002B20E51400F32E26 /* Preview Assets.xcassets in Resources */ = {isa = PBXBuildFile; fileRef = 161E89FF2B20E51400F32E26 /* Preview Assets.xcassets */; };
		161E8A0B2B20E5FC00F32E26 /* product.json in Resources */ = {isa = PBXBuildFile; fileRef = 161E8A072B20E5FB00F32E26 /* product.json */; };
		161E8A0C2B20E5FC00F32E26 /* brand.json in Resources */ = {isa = PBXBuildFile; fileRef = 161E8A082B20E5FB00F32E26 /* brand.json */; };
		161E8A0D2B20E5FC00F32E26 /* category.json in Resources */ = {isa = PBXBuildFile; fileRef = 161E8A092B20E5FC00F32E26 /* category.json */; };
		161E8A0E2B20E5FC00F32E26 /* player.json in Resources */ = {isa = PBXBuildFile; fileRef = 161E8A0A2B20E5FC00F32E26 /* player.json */; };
		165D6D1E2B20F410009DF427 /* Constants.swift in Sources */ = {isa = PBXBuildFile; fileRef = 165D6D1D2B20F410009DF427 /* Constants.swift */; };
		165D6D202B20F5D5009DF427 /* FooterView.swift in Sources */ = {isa = PBXBuildFile; fileRef = 165D6D1F2B20F5D5009DF427 /* FooterView.swift */; };
		165D6D222B20F947009DF427 /* NavigationBarView.swift in Sources */ = {isa = PBXBuildFile; fileRef = 165D6D212B20F947009DF427 /* NavigationBarView.swift */; };
		165D6D242B20FAFC009DF427 /* LogoView.swift in Sources */ = {isa = PBXBuildFile; fileRef = 165D6D232B20FAFC009DF427 /* LogoView.swift */; };
		165D6D262B20FFDD009DF427 /* PlayerModel.swift in Sources */ = {isa = PBXBuildFile; fileRef = 165D6D252B20FFDD009DF427 /* PlayerModel.swift */; };
		165D6D282B210064009DF427 /* CodableBundleExtension.swift in Sources */ = {isa = PBXBuildFile; fileRef = 165D6D272B210064009DF427 /* CodableBundleExtension.swift */; };
		165D6D2A2B2101C5009DF427 /* FeaturedItemView.swift in Sources */ = {isa = PBXBuildFile; fileRef = 165D6D292B2101C5009DF427 /* FeaturedItemView.swift */; };
		165D6D2C2B210276009DF427 /* FeaturedTabView.swift in Sources */ = {isa = PBXBuildFile; fileRef = 165D6D2B2B210276009DF427 /* FeaturedTabView.swift */; };
		165D6D2E2B21197E009DF427 /* CategoryModel.swift in Sources */ = {isa = PBXBuildFile; fileRef = 165D6D2D2B21197E009DF427 /* CategoryModel.swift */; };
		165D6D302B211AC6009DF427 /* CategoryItemView.swift in Sources */ = {isa = PBXBuildFile; fileRef = 165D6D2F2B211AC6009DF427 /* CategoryItemView.swift */; };
		165D6D322B211BF9009DF427 /* CategoryGridView.swift in Sources */ = {isa = PBXBuildFile; fileRef = 165D6D312B211BF9009DF427 /* CategoryGridView.swift */; };
		165D6D342B211F3A009DF427 /* SectionView.swift in Sources */ = {isa = PBXBuildFile; fileRef = 165D6D332B211F3A009DF427 /* SectionView.swift */; };
		165D6D362B21257C009DF427 /* TitleView.swift in Sources */ = {isa = PBXBuildFile; fileRef = 165D6D352B21257C009DF427 /* TitleView.swift */; };
		165D6D382B212691009DF427 /* ProductModel.swift in Sources */ = {isa = PBXBuildFile; fileRef = 165D6D372B212691009DF427 /* ProductModel.swift */; };
		165D6D3A2B212725009DF427 /* ProductItemView.swift in Sources */ = {isa = PBXBuildFile; fileRef = 165D6D392B212725009DF427 /* ProductItemView.swift */; };
		165D6D3C2B212D9C009DF427 /* BrandModel.swift in Sources */ = {isa = PBXBuildFile; fileRef = 165D6D3B2B212D9C009DF427 /* BrandModel.swift */; };
		165D6D3E2B212E14009DF427 /* BrandItemView.swift in Sources */ = {isa = PBXBuildFile; fileRef = 165D6D3D2B212E14009DF427 /* BrandItemView.swift */; };
		165D6D402B212E8F009DF427 /* BrandGridView.swift in Sources */ = {isa = PBXBuildFile; fileRef = 165D6D3F2B212E8F009DF427 /* BrandGridView.swift */; };
		165D6D422B216DE1009DF427 /* ProductDetailsView.swift in Sources */ = {isa = PBXBuildFile; fileRef = 165D6D412B216DE1009DF427 /* ProductDetailsView.swift */; };
		165D6D442B2171C9009DF427 /* NavigationBarDetailsView.swift in Sources */ = {isa = PBXBuildFile; fileRef = 165D6D432B2171C9009DF427 /* NavigationBarDetailsView.swift */; };
		165D6D462B2174BF009DF427 /* HeaderDetailsView.swift in Sources */ = {isa = PBXBuildFile; fileRef = 165D6D452B2174BF009DF427 /* HeaderDetailsView.swift */; };
		165D6D482B217638009DF427 /* ProductPricingView.swift in Sources */ = {isa = PBXBuildFile; fileRef = 165D6D472B217638009DF427 /* ProductPricingView.swift */; };
		165D6D4A2B22290D009DF427 /* CustomShape.swift in Sources */ = {isa = PBXBuildFile; fileRef = 165D6D492B22290D009DF427 /* CustomShape.swift */; };
		165D6D4C2B225B9A009DF427 /* RatingsSizesDetailView.swift in Sources */ = {isa = PBXBuildFile; fileRef = 165D6D4B2B225B9A009DF427 /* RatingsSizesDetailView.swift */; };
		165D6D4E2B225D2C009DF427 /* QuantityFavouriteDetailView.swift in Sources */ = {isa = PBXBuildFile; fileRef = 165D6D4D2B225D2C009DF427 /* QuantityFavouriteDetailView.swift */; };
		165D6D502B225EDA009DF427 /* AddToCartDetailView.swift in Sources */ = {isa = PBXBuildFile; fileRef = 165D6D4F2B225EDA009DF427 /* AddToCartDetailView.swift */; };
		165D6D522B22601E009DF427 /* Shop.swift in Sources */ = {isa = PBXBuildFile; fileRef = 165D6D512B22601E009DF427 /* Shop.swift */; };
/* End PBXBuildFile section */

/* Begin PBXFileReference section */
		161E89F32B20E51200F32E26 /* HelmetApp.app */ = {isa = PBXFileReference; explicitFileType = wrapper.application; includeInIndex = 0; path = HelmetApp.app; sourceTree = BUILT_PRODUCTS_DIR; };
		161E89F62B20E51200F32E26 /* HelmetAppApp.swift */ = {isa = PBXFileReference; lastKnownFileType = sourcecode.swift; path = HelmetAppApp.swift; sourceTree = "<group>"; };
		161E89F82B20E51200F32E26 /* ContentView.swift */ = {isa = PBXFileReference; lastKnownFileType = sourcecode.swift; path = ContentView.swift; sourceTree = "<group>"; };
		161E89FC2B20E51400F32E26 /* Assets.xcassets */ = {isa = PBXFileReference; lastKnownFileType = folder.assetcatalog; path = Assets.xcassets; sourceTree = "<group>"; };
		161E89FF2B20E51400F32E26 /* Preview Assets.xcassets */ = {isa = PBXFileReference; lastKnownFileType = folder.assetcatalog; path = "Preview Assets.xcassets"; sourceTree = "<group>"; };
		161E8A072B20E5FB00F32E26 /* product.json */ = {isa = PBXFileReference; fileEncoding = 4; lastKnownFileType = text.json; path = product.json; sourceTree = "<group>"; };
		161E8A082B20E5FB00F32E26 /* brand.json */ = {isa = PBXFileReference; fileEncoding = 4; lastKnownFileType = text.json; path = brand.json; sourceTree = "<group>"; };
		161E8A092B20E5FC00F32E26 /* category.json */ = {isa = PBXFileReference; fileEncoding = 4; lastKnownFileType = text.json; path = category.json; sourceTree = "<group>"; };
		161E8A0A2B20E5FC00F32E26 /* player.json */ = {isa = PBXFileReference; fileEncoding = 4; lastKnownFileType = text.json; path = player.json; sourceTree = "<group>"; };
		161E8A0F2B20E64800F32E26 /* Info.plist */ = {isa = PBXFileReference; lastKnownFileType = text.plist; path = Info.plist; sourceTree = "<group>"; };
		165D6D1D2B20F410009DF427 /* Constants.swift */ = {isa = PBXFileReference; lastKnownFileType = sourcecode.swift; path = Constants.swift; sourceTree = "<group>"; };
		165D6D1F2B20F5D5009DF427 /* FooterView.swift */ = {isa = PBXFileReference; lastKnownFileType = sourcecode.swift; path = FooterView.swift; sourceTree = "<group>"; };
		165D6D212B20F947009DF427 /* NavigationBarView.swift */ = {isa = PBXFileReference; lastKnownFileType = sourcecode.swift; path = NavigationBarView.swift; sourceTree = "<group>"; };
		165D6D232B20FAFC009DF427 /* LogoView.swift */ = {isa = PBXFileReference; lastKnownFileType = sourcecode.swift; path = LogoView.swift; sourceTree = "<group>"; };
		165D6D252B20FFDD009DF427 /* PlayerModel.swift */ = {isa = PBXFileReference; lastKnownFileType = sourcecode.swift; path = PlayerModel.swift; sourceTree = "<group>"; };
		165D6D272B210064009DF427 /* CodableBundleExtension.swift */ = {isa = PBXFileReference; lastKnownFileType = sourcecode.swift; path = CodableBundleExtension.swift; sourceTree = "<group>"; };
		165D6D292B2101C5009DF427 /* FeaturedItemView.swift */ = {isa = PBXFileReference; lastKnownFileType = sourcecode.swift; path = FeaturedItemView.swift; sourceTree = "<group>"; };
		165D6D2B2B210276009DF427 /* FeaturedTabView.swift */ = {isa = PBXFileReference; lastKnownFileType = sourcecode.swift; path = FeaturedTabView.swift; sourceTree = "<group>"; };
		165D6D2D2B21197E009DF427 /* CategoryModel.swift */ = {isa = PBXFileReference; lastKnownFileType = sourcecode.swift; path = CategoryModel.swift; sourceTree = "<group>"; };
		165D6D2F2B211AC6009DF427 /* CategoryItemView.swift */ = {isa = PBXFileReference; lastKnownFileType = sourcecode.swift; path = CategoryItemView.swift; sourceTree = "<group>"; };
		165D6D312B211BF9009DF427 /* CategoryGridView.swift */ = {isa = PBXFileReference; lastKnownFileType = sourcecode.swift; path = CategoryGridView.swift; sourceTree = "<group>"; };
		165D6D332B211F3A009DF427 /* SectionView.swift */ = {isa = PBXFileReference; lastKnownFileType = sourcecode.swift; path = SectionView.swift; sourceTree = "<group>"; };
		165D6D352B21257C009DF427 /* TitleView.swift */ = {isa = PBXFileReference; lastKnownFileType = sourcecode.swift; path = TitleView.swift; sourceTree = "<group>"; };
		165D6D372B212691009DF427 /* ProductModel.swift */ = {isa = PBXFileReference; lastKnownFileType = sourcecode.swift; path = ProductModel.swift; sourceTree = "<group>"; };
		165D6D392B212725009DF427 /* ProductItemView.swift */ = {isa = PBXFileReference; lastKnownFileType = sourcecode.swift; path = ProductItemView.swift; sourceTree = "<group>"; };
		165D6D3B2B212D9C009DF427 /* BrandModel.swift */ = {isa = PBXFileReference; lastKnownFileType = sourcecode.swift; path = BrandModel.swift; sourceTree = "<group>"; };
		165D6D3D2B212E14009DF427 /* BrandItemView.swift */ = {isa = PBXFileReference; lastKnownFileType = sourcecode.swift; path = BrandItemView.swift; sourceTree = "<group>"; };
		165D6D3F2B212E8F009DF427 /* BrandGridView.swift */ = {isa = PBXFileReference; lastKnownFileType = sourcecode.swift; path = BrandGridView.swift; sourceTree = "<group>"; };
		165D6D412B216DE1009DF427 /* ProductDetailsView.swift */ = {isa = PBXFileReference; lastKnownFileType = sourcecode.swift; path = ProductDetailsView.swift; sourceTree = "<group>"; };
		165D6D432B2171C9009DF427 /* NavigationBarDetailsView.swift */ = {isa = PBXFileReference; lastKnownFileType = sourcecode.swift; path = NavigationBarDetailsView.swift; sourceTree = "<group>"; };
		165D6D452B2174BF009DF427 /* HeaderDetailsView.swift */ = {isa = PBXFileReference; lastKnownFileType = sourcecode.swift; path = HeaderDetailsView.swift; sourceTree = "<group>"; };
		165D6D472B217638009DF427 /* ProductPricingView.swift */ = {isa = PBXFileReference; lastKnownFileType = sourcecode.swift; path = ProductPricingView.swift; sourceTree = "<group>"; };
		165D6D492B22290D009DF427 /* CustomShape.swift */ = {isa = PBXFileReference; lastKnownFileType = sourcecode.swift; path = CustomShape.swift; sourceTree = "<group>"; };
		165D6D4B2B225B9A009DF427 /* RatingsSizesDetailView.swift */ = {isa = PBXFileReference; lastKnownFileType = sourcecode.swift; path = RatingsSizesDetailView.swift; sourceTree = "<group>"; };
		165D6D4D2B225D2C009DF427 /* QuantityFavouriteDetailView.swift */ = {isa = PBXFileReference; lastKnownFileType = sourcecode.swift; path = QuantityFavouriteDetailView.swift; sourceTree = "<group>"; };
		165D6D4F2B225EDA009DF427 /* AddToCartDetailView.swift */ = {isa = PBXFileReference; lastKnownFileType = sourcecode.swift; path = AddToCartDetailView.swift; sourceTree = "<group>"; };
		165D6D512B22601E009DF427 /* Shop.swift */ = {isa = PBXFileReference; lastKnownFileType = sourcecode.swift; path = Shop.swift; sourceTree = "<group>"; };
/* End PBXFileReference section */

/* Begin PBXFrameworksBuildPhase section */
		161E89F02B20E51200F32E26 /* Frameworks */ = {
			isa = PBXFrameworksBuildPhase;
			buildActionMask = 2147483647;
			files = (
			);
			runOnlyForDeploymentPostprocessing = 0;
		};
/* End PBXFrameworksBuildPhase section */

/* Begin PBXGroup section */
		161E89EA2B20E51200F32E26 = {
			isa = PBXGroup;
			children = (
				161E89F52B20E51200F32E26 /* HelmetApp */,
				161E89F42B20E51200F32E26 /* Products */,
			);
			sourceTree = "<group>";
		};
		161E89F42B20E51200F32E26 /* Products */ = {
			isa = PBXGroup;
			children = (
				161E89F32B20E51200F32E26 /* HelmetApp.app */,
			);
			name = Products;
			sourceTree = "<group>";
		};
		161E89F52B20E51200F32E26 /* HelmetApp */ = {
			isa = PBXGroup;
			children = (
				165D6D1C2B20F3F7009DF427 /* Utitlies */,
				165D6D1A2B20F3D4009DF427 /* Extensions */,
				165D6D192B20F3CD009DF427 /* Model */,
				165D6D162B20F38F009DF427 /* Views */,
				161E8A062B20E5EE00F32E26 /* Data */,
				165D6D1B2B20F3EC009DF427 /* App */,
				161E8A0F2B20E64800F32E26 /* Info.plist */,
				161E89FC2B20E51400F32E26 /* Assets.xcassets */,
				161E89FE2B20E51400F32E26 /* Preview Content */,
			);
			path = HelmetApp;
			sourceTree = "<group>";
		};
		161E89FE2B20E51400F32E26 /* Preview Content */ = {
			isa = PBXGroup;
			children = (
				161E89FF2B20E51400F32E26 /* Preview Assets.xcassets */,
			);
			path = "Preview Content";
			sourceTree = "<group>";
		};
		161E8A062B20E5EE00F32E26 /* Data */ = {
			isa = PBXGroup;
			children = (
				161E8A082B20E5FB00F32E26 /* brand.json */,
				161E8A092B20E5FC00F32E26 /* category.json */,
				161E8A0A2B20E5FC00F32E26 /* player.json */,
				161E8A072B20E5FB00F32E26 /* product.json */,
			);
			path = Data;
			sourceTree = "<group>";
		};
		165D6D162B20F38F009DF427 /* Views */ = {
			isa = PBXGroup;
			children = (
				165D6D172B20F39B009DF427 /* Home */,
				165D6D182B20F3A2009DF427 /* Details */,
			);
			path = Views;
			sourceTree = "<group>";
		};
		165D6D172B20F39B009DF427 /* Home */ = {
			isa = PBXGroup;
			children = (
				165D6D1F2B20F5D5009DF427 /* FooterView.swift */,
				165D6D212B20F947009DF427 /* NavigationBarView.swift */,
				165D6D232B20FAFC009DF427 /* LogoView.swift */,
				165D6D292B2101C5009DF427 /* FeaturedItemView.swift */,
				165D6D2B2B210276009DF427 /* FeaturedTabView.swift */,
				165D6D2F2B211AC6009DF427 /* CategoryItemView.swift */,
				165D6D312B211BF9009DF427 /* CategoryGridView.swift */,
				165D6D332B211F3A009DF427 /* SectionView.swift */,
				165D6D352B21257C009DF427 /* TitleView.swift */,
				165D6D392B212725009DF427 /* ProductItemView.swift */,
				165D6D3D2B212E14009DF427 /* BrandItemView.swift */,
				165D6D3F2B212E8F009DF427 /* BrandGridView.swift */,
			);
			path = Home;
			sourceTree = "<group>";
		};
		165D6D182B20F3A2009DF427 /* Details */ = {
			isa = PBXGroup;
			children = (
				165D6D432B2171C9009DF427 /* NavigationBarDetailsView.swift */,
				165D6D452B2174BF009DF427 /* HeaderDetailsView.swift */,
				165D6D472B217638009DF427 /* ProductPricingView.swift */,
				165D6D492B22290D009DF427 /* CustomShape.swift */,
				165D6D4B2B225B9A009DF427 /* RatingsSizesDetailView.swift */,
				165D6D4D2B225D2C009DF427 /* QuantityFavouriteDetailView.swift */,
				165D6D4F2B225EDA009DF427 /* AddToCartDetailView.swift */,
			);
			path = Details;
			sourceTree = "<group>";
		};
		165D6D192B20F3CD009DF427 /* Model */ = {
			isa = PBXGroup;
			children = (
				165D6D252B20FFDD009DF427 /* PlayerModel.swift */,
				165D6D2D2B21197E009DF427 /* CategoryModel.swift */,
				165D6D372B212691009DF427 /* ProductModel.swift */,
				165D6D3B2B212D9C009DF427 /* BrandModel.swift */,
			);
			path = Model;
			sourceTree = "<group>";
		};
		165D6D1A2B20F3D4009DF427 /* Extensions */ = {
			isa = PBXGroup;
			children = (
				165D6D272B210064009DF427 /* CodableBundleExtension.swift */,
			);
			path = Extensions;
			sourceTree = "<group>";
		};
		165D6D1B2B20F3EC009DF427 /* App */ = {
			isa = PBXGroup;
			children = (
				161E89F62B20E51200F32E26 /* HelmetAppApp.swift */,
				161E89F82B20E51200F32E26 /* ContentView.swift */,
				165D6D412B216DE1009DF427 /* ProductDetailsView.swift */,
			);
			path = App;
			sourceTree = "<group>";
		};
		165D6D1C2B20F3F7009DF427 /* Utitlies */ = {
			isa = PBXGroup;
			children = (
				165D6D1D2B20F410009DF427 /* Constants.swift */,
				165D6D512B22601E009DF427 /* Shop.swift */,
			);
			path = Utitlies;
			sourceTree = "<group>";
		};
/* End PBXGroup section */

/* Begin PBXNativeTarget section */
		161E89F22B20E51200F32E26 /* HelmetApp */ = {
			isa = PBXNativeTarget;
			buildConfigurationList = 161E8A032B20E51400F32E26 /* Build configuration list for PBXNativeTarget "HelmetApp" */;
			buildPhases = (
				161E89EF2B20E51200F32E26 /* Sources */,
				161E89F02B20E51200F32E26 /* Frameworks */,
				161E89F12B20E51200F32E26 /* Resources */,
			);
			buildRules = (
			);
			dependencies = (
			);
			name = HelmetApp;
			productName = HelmetApp;
			productReference = 161E89F32B20E51200F32E26 /* HelmetApp.app */;
			productType = "com.apple.product-type.application";
		};
/* End PBXNativeTarget section */

/* Begin PBXProject section */
		161E89EB2B20E51200F32E26 /* Project object */ = {
			isa = PBXProject;
			attributes = {
				BuildIndependentTargetsInParallel = 1;
				LastSwiftUpdateCheck = 1500;
				LastUpgradeCheck = 1500;
				TargetAttributes = {
					161E89F22B20E51200F32E26 = {
						CreatedOnToolsVersion = 15.0.1;
					};
				};
			};
			buildConfigurationList = 161E89EE2B20E51200F32E26 /* Build configuration list for PBXProject "HelmetApp" */;
			compatibilityVersion = "Xcode 14.0";
			developmentRegion = en;
			hasScannedForEncodings = 0;
			knownRegions = (
				en,
				Base,
			);
			mainGroup = 161E89EA2B20E51200F32E26;
			productRefGroup = 161E89F42B20E51200F32E26 /* Products */;
			projectDirPath = "";
			projectRoot = "";
			targets = (
				161E89F22B20E51200F32E26 /* HelmetApp */,
			);
		};
/* End PBXProject section */

/* Begin PBXResourcesBuildPhase section */
		161E89F12B20E51200F32E26 /* Resources */ = {
			isa = PBXResourcesBuildPhase;
			buildActionMask = 2147483647;
			files = (
				161E8A0E2B20E5FC00F32E26 /* player.json in Resources */,
				161E8A002B20E51400F32E26 /* Preview Assets.xcassets in Resources */,
				161E8A0C2B20E5FC00F32E26 /* brand.json in Resources */,
				161E8A0D2B20E5FC00F32E26 /* category.json in Resources */,
				161E89FD2B20E51400F32E26 /* Assets.xcassets in Resources */,
				161E8A0B2B20E5FC00F32E26 /* product.json in Resources */,
			);
			runOnlyForDeploymentPostprocessing = 0;
		};
/* End PBXResourcesBuildPhase section */

/* Begin PBXSourcesBuildPhase section */
		161E89EF2B20E51200F32E26 /* Sources */ = {
			isa = PBXSourcesBuildPhase;
			buildActionMask = 2147483647;
			files = (
				165D6D282B210064009DF427 /* CodableBundleExtension.swift in Sources */,
				161E89F92B20E51200F32E26 /* ContentView.swift in Sources */,
				165D6D242B20FAFC009DF427 /* LogoView.swift in Sources */,
				165D6D202B20F5D5009DF427 /* FooterView.swift in Sources */,
				165D6D2A2B2101C5009DF427 /* FeaturedItemView.swift in Sources */,
				165D6D3A2B212725009DF427 /* ProductItemView.swift in Sources */,
				165D6D402B212E8F009DF427 /* BrandGridView.swift in Sources */,
				165D6D222B20F947009DF427 /* NavigationBarView.swift in Sources */,
				165D6D502B225EDA009DF427 /* AddToCartDetailView.swift in Sources */,
				165D6D462B2174BF009DF427 /* HeaderDetailsView.swift in Sources */,
				165D6D4C2B225B9A009DF427 /* RatingsSizesDetailView.swift in Sources */,
				161E89F72B20E51200F32E26 /* HelmetAppApp.swift in Sources */,
				165D6D322B211BF9009DF427 /* CategoryGridView.swift in Sources */,
				165D6D482B217638009DF427 /* ProductPricingView.swift in Sources */,
				165D6D2E2B21197E009DF427 /* CategoryModel.swift in Sources */,
				165D6D422B216DE1009DF427 /* ProductDetailsView.swift in Sources */,
				165D6D1E2B20F410009DF427 /* Constants.swift in Sources */,
				165D6D342B211F3A009DF427 /* SectionView.swift in Sources */,
				165D6D3E2B212E14009DF427 /* BrandItemView.swift in Sources */,
				165D6D302B211AC6009DF427 /* CategoryItemView.swift in Sources */,
				165D6D2C2B210276009DF427 /* FeaturedTabView.swift in Sources */,
				165D6D442B2171C9009DF427 /* NavigationBarDetailsView.swift in Sources */,
				165D6D4A2B22290D009DF427 /* CustomShape.swift in Sources */,
				165D6D262B20FFDD009DF427 /* PlayerModel.swift in Sources */,
				165D6D522B22601E009DF427 /* Shop.swift in Sources */,
				165D6D3C2B212D9C009DF427 /* BrandModel.swift in Sources */,
				165D6D362B21257C009DF427 /* TitleView.swift in Sources */,
				165D6D4E2B225D2C009DF427 /* QuantityFavouriteDetailView.swift in Sources */,
				165D6D382B212691009DF427 /* ProductModel.swift in Sources */,
			);
			runOnlyForDeploymentPostprocessing = 0;
		};
/* End PBXSourcesBuildPhase section */

/* Begin XCBuildConfiguration section */
		161E8A012B20E51400F32E26 /* Debug */ = {
			isa = XCBuildConfiguration;
			buildSettings = {
				ALWAYS_SEARCH_USER_PATHS = NO;
				ASSETCATALOG_COMPILER_GENERATE_SWIFT_ASSET_SYMBOL_EXTENSIONS = YES;
				CLANG_ANALYZER_NONNULL = YES;
				CLANG_ANALYZER_NUMBER_OBJECT_CONVERSION = YES_AGGRESSIVE;
				CLANG_CXX_LANGUAGE_STANDARD = "gnu++20";
				CLANG_ENABLE_MODULES = YES;
				CLANG_ENABLE_OBJC_ARC = YES;
				CLANG_ENABLE_OBJC_WEAK = YES;
				CLANG_WARN_BLOCK_CAPTURE_AUTORELEASING = YES;
				CLANG_WARN_BOOL_CONVERSION = YES;
				CLANG_WARN_COMMA = YES;
				CLANG_WARN_CONSTANT_CONVERSION = YES;
				CLANG_WARN_DEPRECATED_OBJC_IMPLEMENTATIONS = YES;
				CLANG_WARN_DIRECT_OBJC_ISA_USAGE = YES_ERROR;
				CLANG_WARN_DOCUMENTATION_COMMENTS = YES;
				CLANG_WARN_EMPTY_BODY = YES;
				CLANG_WARN_ENUM_CONVERSION = YES;
				CLANG_WARN_INFINITE_RECURSION = YES;
				CLANG_WARN_INT_CONVERSION = YES;
				CLANG_WARN_NON_LITERAL_NULL_CONVERSION = YES;
				CLANG_WARN_OBJC_IMPLICIT_RETAIN_SELF = YES;
				CLANG_WARN_OBJC_LITERAL_CONVERSION = YES;
				CLANG_WARN_OBJC_ROOT_CLASS = YES_ERROR;
				CLANG_WARN_QUOTED_INCLUDE_IN_FRAMEWORK_HEADER = YES;
				CLANG_WARN_RANGE_LOOP_ANALYSIS = YES;
				CLANG_WARN_STRICT_PROTOTYPES = YES;
				CLANG_WARN_SUSPICIOUS_MOVE = YES;
				CLANG_WARN_UNGUARDED_AVAILABILITY = YES_AGGRESSIVE;
				CLANG_WARN_UNREACHABLE_CODE = YES;
				CLANG_WARN__DUPLICATE_METHOD_MATCH = YES;
				COPY_PHASE_STRIP = NO;
				DEBUG_INFORMATION_FORMAT = dwarf;
				ENABLE_STRICT_OBJC_MSGSEND = YES;
				ENABLE_TESTABILITY = YES;
				ENABLE_USER_SCRIPT_SANDBOXING = YES;
				GCC_C_LANGUAGE_STANDARD = gnu17;
				GCC_DYNAMIC_NO_PIC = NO;
				GCC_NO_COMMON_BLOCKS = YES;
				GCC_OPTIMIZATION_LEVEL = 0;
				GCC_PREPROCESSOR_DEFINITIONS = (
					"DEBUG=1",
					"$(inherited)",
				);
				GCC_WARN_64_TO_32_BIT_CONVERSION = YES;
				GCC_WARN_ABOUT_RETURN_TYPE = YES_ERROR;
				GCC_WARN_UNDECLARED_SELECTOR = YES;
				GCC_WARN_UNINITIALIZED_AUTOS = YES_AGGRESSIVE;
				GCC_WARN_UNUSED_FUNCTION = YES;
				GCC_WARN_UNUSED_VARIABLE = YES;
				IPHONEOS_DEPLOYMENT_TARGET = 17.0;
				LOCALIZATION_PREFERS_STRING_CATALOGS = YES;
				MTL_ENABLE_DEBUG_INFO = INCLUDE_SOURCE;
				MTL_FAST_MATH = YES;
				ONLY_ACTIVE_ARCH = YES;
				SDKROOT = iphoneos;
				SWIFT_ACTIVE_COMPILATION_CONDITIONS = "DEBUG $(inherited)";
				SWIFT_OPTIMIZATION_LEVEL = "-Onone";
			};
			name = Debug;
		};
		161E8A022B20E51400F32E26 /* Release */ = {
			isa = XCBuildConfiguration;
			buildSettings = {
				ALWAYS_SEARCH_USER_PATHS = NO;
				ASSETCATALOG_COMPILER_GENERATE_SWIFT_ASSET_SYMBOL_EXTENSIONS = YES;
				CLANG_ANALYZER_NONNULL = YES;
				CLANG_ANALYZER_NUMBER_OBJECT_CONVERSION = YES_AGGRESSIVE;
				CLANG_CXX_LANGUAGE_STANDARD = "gnu++20";
				CLANG_ENABLE_MODULES = YES;
				CLANG_ENABLE_OBJC_ARC = YES;
				CLANG_ENABLE_OBJC_WEAK = YES;
				CLANG_WARN_BLOCK_CAPTURE_AUTORELEASING = YES;
				CLANG_WARN_BOOL_CONVERSION = YES;
				CLANG_WARN_COMMA = YES;
				CLANG_WARN_CONSTANT_CONVERSION = YES;
				CLANG_WARN_DEPRECATED_OBJC_IMPLEMENTATIONS = YES;
				CLANG_WARN_DIRECT_OBJC_ISA_USAGE = YES_ERROR;
				CLANG_WARN_DOCUMENTATION_COMMENTS = YES;
				CLANG_WARN_EMPTY_BODY = YES;
				CLANG_WARN_ENUM_CONVERSION = YES;
				CLANG_WARN_INFINITE_RECURSION = YES;
				CLANG_WARN_INT_CONVERSION = YES;
				CLANG_WARN_NON_LITERAL_NULL_CONVERSION = YES;
				CLANG_WARN_OBJC_IMPLICIT_RETAIN_SELF = YES;
				CLANG_WARN_OBJC_LITERAL_CONVERSION = YES;
				CLANG_WARN_OBJC_ROOT_CLASS = YES_ERROR;
				CLANG_WARN_QUOTED_INCLUDE_IN_FRAMEWORK_HEADER = YES;
				CLANG_WARN_RANGE_LOOP_ANALYSIS = YES;
				CLANG_WARN_STRICT_PROTOTYPES = YES;
				CLANG_WARN_SUSPICIOUS_MOVE = YES;
				CLANG_WARN_UNGUARDED_AVAILABILITY = YES_AGGRESSIVE;
				CLANG_WARN_UNREACHABLE_CODE = YES;
				CLANG_WARN__DUPLICATE_METHOD_MATCH = YES;
				COPY_PHASE_STRIP = NO;
				DEBUG_INFORMATION_FORMAT = "dwarf-with-dsym";
				ENABLE_NS_ASSERTIONS = NO;
				ENABLE_STRICT_OBJC_MSGSEND = YES;
				ENABLE_USER_SCRIPT_SANDBOXING = YES;
				GCC_C_LANGUAGE_STANDARD = gnu17;
				GCC_NO_COMMON_BLOCKS = YES;
				GCC_WARN_64_TO_32_BIT_CONVERSION = YES;
				GCC_WARN_ABOUT_RETURN_TYPE = YES_ERROR;
				GCC_WARN_UNDECLARED_SELECTOR = YES;
				GCC_WARN_UNINITIALIZED_AUTOS = YES_AGGRESSIVE;
				GCC_WARN_UNUSED_FUNCTION = YES;
				GCC_WARN_UNUSED_VARIABLE = YES;
				IPHONEOS_DEPLOYMENT_TARGET = 17.0;
				LOCALIZATION_PREFERS_STRING_CATALOGS = YES;
				MTL_ENABLE_DEBUG_INFO = NO;
				MTL_FAST_MATH = YES;
				SDKROOT = iphoneos;
				SWIFT_COMPILATION_MODE = wholemodule;
				VALIDATE_PRODUCT = YES;
			};
			name = Release;
		};
		161E8A042B20E51400F32E26 /* Debug */ = {
			isa = XCBuildConfiguration;
			buildSettings = {
				ASSETCATALOG_COMPILER_APPICON_NAME = AppIcon;
				ASSETCATALOG_COMPILER_GLOBAL_ACCENT_COLOR_NAME = AccentColor;
				CODE_SIGN_STYLE = Automatic;
				CURRENT_PROJECT_VERSION = 1;
				DEVELOPMENT_ASSET_PATHS = "\"HelmetApp/Preview Content\"";
				DEVELOPMENT_TEAM = 2C4XF58Z9A;
				ENABLE_PREVIEWS = YES;
				GENERATE_INFOPLIST_FILE = YES;
				INFOPLIST_FILE = HelmetApp/Info.plist;
				INFOPLIST_KEY_UIApplicationSceneManifest_Generation = YES;
				INFOPLIST_KEY_UIApplicationSupportsIndirectInputEvents = YES;
				INFOPLIST_KEY_UISupportedInterfaceOrientations = "UIInterfaceOrientationPortrait UIInterfaceOrientationPortraitUpsideDown";
				INFOPLIST_KEY_UIUserInterfaceStyle = Light;
				LD_RUNPATH_SEARCH_PATHS = (
					"$(inherited)",
					"@executable_path/Frameworks",
				);
				MARKETING_VERSION = 1.0;
				PRODUCT_BUNDLE_IDENTIFIER = helmet.swifui.app.HelmetApp;
				PRODUCT_NAME = "$(TARGET_NAME)";
				SWIFT_EMIT_LOC_STRINGS = YES;
				SWIFT_VERSION = 5.0;
				TARGETED_DEVICE_FAMILY = "1,2";
			};
			name = Debug;
		};
		161E8A052B20E51400F32E26 /* Release */ = {
			isa = XCBuildConfiguration;
			buildSettings = {
				ASSETCATALOG_COMPILER_APPICON_NAME = AppIcon;
				ASSETCATALOG_COMPILER_GLOBAL_ACCENT_COLOR_NAME = AccentColor;
				CODE_SIGN_STYLE = Automatic;
				CURRENT_PROJECT_VERSION = 1;
				DEVELOPMENT_ASSET_PATHS = "\"HelmetApp/Preview Content\"";
				DEVELOPMENT_TEAM = 2C4XF58Z9A;
				ENABLE_PREVIEWS = YES;
				GENERATE_INFOPLIST_FILE = YES;
				INFOPLIST_FILE = HelmetApp/Info.plist;
				INFOPLIST_KEY_UIApplicationSceneManifest_Generation = YES;
				INFOPLIST_KEY_UIApplicationSupportsIndirectInputEvents = YES;
				INFOPLIST_KEY_UISupportedInterfaceOrientations = "UIInterfaceOrientationPortrait UIInterfaceOrientationPortraitUpsideDown";
				INFOPLIST_KEY_UIUserInterfaceStyle = Light;
				LD_RUNPATH_SEARCH_PATHS = (
					"$(inherited)",
					"@executable_path/Frameworks",
				);
				MARKETING_VERSION = 1.0;
				PRODUCT_BUNDLE_IDENTIFIER = helmet.swifui.app.HelmetApp;
				PRODUCT_NAME = "$(TARGET_NAME)";
				SWIFT_EMIT_LOC_STRINGS = YES;
				SWIFT_VERSION = 5.0;
				TARGETED_DEVICE_FAMILY = "1,2";
			};
			name = Release;
		};
/* End XCBuildConfiguration section */

/* Begin XCConfigurationList section */
		161E89EE2B20E51200F32E26 /* Build configuration list for PBXProject "HelmetApp" */ = {
			isa = XCConfigurationList;
			buildConfigurations = (
				161E8A012B20E51400F32E26 /* Debug */,
				161E8A022B20E51400F32E26 /* Release */,
			);
			defaultConfigurationIsVisible = 0;
			defaultConfigurationName = Release;
		};
		161E8A032B20E51400F32E26 /* Build configuration list for PBXNativeTarget "HelmetApp" */ = {
			isa = XCConfigurationList;
			buildConfigurations = (
				161E8A042B20E51400F32E26 /* Debug */,
				161E8A052B20E51400F32E26 /* Release */,
			);
			defaultConfigurationIsVisible = 0;
			defaultConfigurationName = Release;
		};
/* End XCConfigurationList section */
	};
	rootObject = 161E89EB2B20E51200F32E26 /* Project object */;
}
